<?xml version="1.0" encoding="utf-8"?>
<Project ToolsVersion="4.0" xmlns="http://schemas.microsoft.com/developer/msbuild/2003">
  <ItemGroup>
    <Filter Include="Net">
      <UniqueIdentifier>{4FC737F1-C7A5-4376-A066-2A32D752A2FF}</UniqueIdentifier>
      <Extensions>cpp;c;cc;cxx;c++;cppm;ixx;def;odl;idl;hpj;bat;asm;asmx</Extensions>
    </Filter>
    <Filter Include="Etc">
      <UniqueIdentifier>{074973b3-3ece-413a-ba47-1fb2e2ab95bc}</UniqueIdentifier>
    </Filter>
    <Filter Include="Net\Core">
      <UniqueIdentifier>{551ca822-4b45-49cd-ab78-b0735f695fd5}</UniqueIdentifier>
    </Filter>
    <Filter Include="Net\Base">
      <UniqueIdentifier>{7a8d1f0f-246a-4560-870c-c385fba87ec4}</UniqueIdentifier>
    </Filter>
  </ItemGroup>
  <ItemGroup>
    <ClInclude Include="framework.h">
      <Filter>Etc</Filter>
    </ClInclude>
    <ClInclude Include="pch.h">
      <Filter>Etc</Filter>
    </ClInclude>
    <ClInclude Include="FireNet.hpp" />
    <ClInclude Include="EasyBuffer.hpp">
      <Filter>Net\Core</Filter>
    </ClInclude>
    <ClInclude Include="EasyIpAddress.hpp">
      <Filter>Net\Core</Filter>
    </ClInclude>
    <ClInclude Include="EasyPacket.hpp">
      <Filter>Net\Core</Filter>
    </ClInclude>
    <ClInclude Include="EasySocket.hpp">
      <Filter>Net\Core</Filter>
    </ClInclude>
    <ClInclude Include="EasyStatistics.hpp">
      <Filter>Net\Core</Filter>
    </ClInclude>
    <ClInclude Include="BaseServer.hpp">
      <Filter>Net\Base</Filter>
    </ClInclude>
    <ClInclude Include="EasySerializer.hpp">
      <Filter>Net\Base</Filter>
    </ClInclude>
  </ItemGroup>
  <ItemGroup>
    <ClCompile Include="pch.cpp">
      <Filter>Etc</Filter>
    </ClCompile>
    <ClCompile Include="EasyBuffer.cpp">
      <Filter>Net\Core</Filter>
    </ClCompile>
    <ClCompile Include="EasyIpAddress.cpp">
      <Filter>Net\Core</Filter>
    </ClCompile>
    <ClCompile Include="EasyPacket.cpp">
      <Filter>Net\Core</Filter>
    </ClCompile>
    <ClCompile Include="EasySocket.cpp">
      <Filter>Net\Core</Filter>
    </ClCompile>
    <ClCompile Include="BaseServer.cpp">
      <Filter>Net\Base</Filter>
    </ClCompile>
  </ItemGroup>
</Project>