<?xml version="1.0" encoding="utf-8"?>
<Project ToolsVersion="4.0" xmlns="http://schemas.microsoft.com/developer/msbuild/2003">
  <ItemGroup>
    <Filter Include="Server">
      <UniqueIdentifier>{3b5a1414-d0da-4826-829d-89cf52014115}</UniqueIdentifier>
    </Filter>
    <Filter Include="Server\Shared">
      <UniqueIdentifier>{df3201b9-390a-4842-8716-0e73d9adddb0}</UniqueIdentifier>
    </Filter>
    <Filter Include="Server\Internal">
      <UniqueIdentifier>{ceb530fc-87e2-46d1-a7ab-c5820101683e}</UniqueIdentifier>
    </Filter>
    <Filter Include="Etc">
      <UniqueIdentifier>{ce36c316-5584-487d-8700-61864c9bb213}</UniqueIdentifier>
    </Filter>
  </ItemGroup>
  <ItemGroup>
    <ClCompile Include="Main.cpp">
      <Filter>Server</Filter>
    </ClCompile>
    <ClCompile Include="FireServer.cpp">
      <Filter>Server\Internal</Filter>
    </ClCompile>
    <ClCompile Include="World.cpp">
      <Filter>Server\Internal</Filter>
    </ClCompile>
    <ClCompile Include="imgui_impl_opengl3.cpp">
      <Filter>Etc</Filter>
    </ClCompile>
    <ClCompile Include="imgui_impl_glfw.cpp">
      <Filter>Etc</Filter>
    </ClCompile>
    <ClCompile Include="ServerUI.cpp">
      <Filter>Etc</Filter>
    </ClCompile>
  </ItemGroup>
  <ItemGroup>
    <ClInclude Include="ServerNet.hpp">
      <Filter>Server\Shared</Filter>
    </ClInclude>
    <ClInclude Include="FireServer.hpp">
      <Filter>Server\Internal</Filter>
    </ClInclude>
    <ClInclude Include="World.hpp">
      <Filter>Server\Internal</Filter>
    </ClInclude>
    <ClInclude Include="resource.h">
      <Filter>Etc</Filter>
    </ClInclude>
    <ClInclude Include="imgui_impl_opengl3.h">
      <Filter>Etc</Filter>
    </ClInclude>
    <ClInclude Include="imgui_impl_opengl3_loader.h">
      <Filter>Etc</Filter>
    </ClInclude>
    <ClInclude Include="imgui_impl_glfw.h">
      <Filter>Etc</Filter>
    </ClInclude>
    <ClInclude Include="ServerUI.hpp">
      <Filter>Etc</Filter>
    </ClInclude>
    <ClInclude Include="SqLite3.hpp">
      <Filter>Server\Internal</Filter>
    </ClInclude>
  </ItemGroup>
  <ItemGroup>
    <Image Include="..\res\images\FireServer.ico">
      <Filter>Etc</Filter>
    </Image>
  </ItemGroup>
  <ItemGroup>
    <ResourceCompile Include="FireServer.rc">
      <Filter>Etc</Filter>
    </ResourceCompile>
  </ItemGroup>
</Project>