<?xml version="1.0" encoding="utf-8"?>
<Project ToolsVersion="4.0" xmlns="http://schemas.microsoft.com/developer/msbuild/2003">
  <ItemGroup>
    <Filter Include="Render">
      <UniqueIdentifier>{1798dc86-6349-4261-9866-eedd9b3d1388}</UniqueIdentifier>
    </Filter>
    <Filter Include="Render\Renderer">
      <UniqueIdentifier>{688317e9-9212-4650-9b8b-6f1b1525bb7b}</UniqueIdentifier>
    </Filter>
    <Filter Include="Render\Core">
      <UniqueIdentifier>{d9516b4f-3cac-4a27-8d04-60686fb12982}</UniqueIdentifier>
    </Filter>
    <Filter Include="Render\Model">
      <UniqueIdentifier>{7d96ca45-d5d9-4a07-8186-e3056b48b2bb}</UniqueIdentifier>
    </Filter>
    <Filter Include="Util">
      <UniqueIdentifier>{e748ee8b-b66e-47a6-a32b-08808517d03b}</UniqueIdentifier>
    </Filter>
    <Filter Include="Render\Model\Animation">
      <UniqueIdentifier>{db8effc3-302f-45c0-b8af-0670b6aff332}</UniqueIdentifier>
    </Filter>
  </ItemGroup>
  <ItemGroup>
    <ClInclude Include="EasyMaterial.hpp">
      <Filter>Render\Model</Filter>
    </ClInclude>
    <ClInclude Include="EasyModel.hpp">
      <Filter>Render\Model</Filter>
    </ClInclude>
    <ClInclude Include="EasyTexture.hpp">
      <Filter>Render\Model</Filter>
    </ClInclude>
    <ClInclude Include="HDR.hpp">
      <Filter>Render\Model</Filter>
    </ClInclude>
    <ClInclude Include="EasyCamera.hpp">
      <Filter>Render\Core</Filter>
    </ClInclude>
    <ClInclude Include="EasyDisplay.hpp">
      <Filter>Render\Core</Filter>
    </ClInclude>
    <ClInclude Include="EasyShader.hpp">
      <Filter>Render\Core</Filter>
    </ClInclude>
    <ClInclude Include="GL_Ext.hpp">
      <Filter>Render\Core</Filter>
    </ClInclude>
    <ClInclude Include="framework.h">
      <Filter>Util</Filter>
    </ClInclude>
    <ClInclude Include="pch.h">
      <Filter>Util</Filter>
    </ClInclude>
    <ClInclude Include="EasyUtils.hpp">
      <Filter>Util</Filter>
    </ClInclude>
    <ClInclude Include="EasyIO.hpp">
      <Filter>Render\Core</Filter>
    </ClInclude>
    <ClInclude Include="EasyRender.hpp" />
    <ClInclude Include="SkyboxRenderer.hpp">
      <Filter>Render\Renderer</Filter>
    </ClInclude>
    <ClInclude Include="ChunkRenderer.hpp">
      <Filter>Render\Renderer</Filter>
    </ClInclude>
    <ClInclude Include="DebugRenderer.hpp">
      <Filter>Render\Renderer</Filter>
    </ClInclude>
    <ClInclude Include="ModelRenderer.hpp">
      <Filter>Render\Renderer</Filter>
    </ClInclude>
    <ClInclude Include="EasyEntity.hpp">
      <Filter>Render\Core</Filter>
    </ClInclude>
    <ClInclude Include="EasyConsole.hpp">
      <Filter>Util</Filter>
    </ClInclude>
    <ClInclude Include="EasyAnimation.hpp">
      <Filter>Render\Model\Animation</Filter>
    </ClInclude>
    <ClInclude Include="EasyAnimator.hpp">
      <Filter>Render\Model\Animation</Filter>
    </ClInclude>
  </ItemGroup>
  <ItemGroup>
    <ClCompile Include="EasyMaterial.cpp">
      <Filter>Render\Model</Filter>
    </ClCompile>
    <ClCompile Include="EasyModel.cpp">
      <Filter>Render\Model</Filter>
    </ClCompile>
    <ClCompile Include="EasyTexture.cpp">
      <Filter>Render\Model</Filter>
    </ClCompile>
    <ClCompile Include="HDR.cpp">
      <Filter>Render\Model</Filter>
    </ClCompile>
    <ClCompile Include="EasyCamera.cpp">
      <Filter>Render\Core</Filter>
    </ClCompile>
    <ClCompile Include="EasyDisplay.cpp">
      <Filter>Render\Core</Filter>
    </ClCompile>
    <ClCompile Include="EasyShader.cpp">
      <Filter>Render\Core</Filter>
    </ClCompile>
    <ClCompile Include="pch.cpp">
      <Filter>Util</Filter>
    </ClCompile>
    <ClCompile Include="EasyUtils.cpp">
      <Filter>Util</Filter>
    </ClCompile>
    <ClCompile Include="EasyIO.cpp">
      <Filter>Render\Core</Filter>
    </ClCompile>
    <ClCompile Include="ChunkRenderer.cpp">
      <Filter>Render\Renderer</Filter>
    </ClCompile>
    <ClCompile Include="DebugRenderer.cpp">
      <Filter>Render\Renderer</Filter>
    </ClCompile>
    <ClCompile Include="ModelRenderer.cpp">
      <Filter>Render\Renderer</Filter>
    </ClCompile>
    <ClCompile Include="SkyboxRenderer.cpp">
      <Filter>Render\Renderer</Filter>
    </ClCompile>
    <ClCompile Include="EasyEntity.cpp">
      <Filter>Render\Core</Filter>
    </ClCompile>
    <ClCompile Include="EasyAnimation.cpp">
      <Filter>Render\Model\Animation</Filter>
    </ClCompile>
    <ClCompile Include="EasyAnimator.cpp">
      <Filter>Render\Model\Animation</Filter>
    </ClCompile>
  </ItemGroup>
</Project>