<?xml version="1.0" encoding="utf-8"?>
<Project ToolsVersion="4.0" xmlns="http://schemas.microsoft.com/developer/msbuild/2003">
  <ItemGroup>
    <Filter Include="Source Files">
      <UniqueIdentifier>{4FC737F1-C7A5-4376-A066-2A32D752A2FF}</UniqueIdentifier>
      <Extensions>cpp;c;cc;cxx;c++;cppm;ixx;def;odl;idl;hpj;bat;asm;asmx</Extensions>
    </Filter>
    <Filter Include="Resource Files">
      <UniqueIdentifier>{67DA6AB6-F800-4c08-8B7A-83BB121AAD01}</UniqueIdentifier>
      <Extensions>rc;ico;cur;bmp;dlg;rc2;rct;bin;rgs;gif;jpg;jpeg;jpe;resx;tiff;tif;png;wav;mfcribbon-ms</Extensions>
    </Filter>
    <Filter Include="Source Files\Core">
      <UniqueIdentifier>{7384b4e4-b63e-442a-97c0-e2834f5816bb}</UniqueIdentifier>
    </Filter>
    <Filter Include="Source Files\Core\Model">
      <UniqueIdentifier>{0e241eeb-c913-45af-b631-af999044ff68}</UniqueIdentifier>
    </Filter>
    <Filter Include="Source Files\Core\Render">
      <UniqueIdentifier>{bdd7a664-b9e9-4df2-9431-4b8d44866746}</UniqueIdentifier>
    </Filter>
    <Filter Include="Source Files\Core\Ext">
      <UniqueIdentifier>{4b33e866-9718-4f9a-8466-2f452515054e}</UniqueIdentifier>
    </Filter>
    <Filter Include="Source Files\Core\Net">
      <UniqueIdentifier>{3801cbfb-d9a5-49ef-b7bc-bbe5b3f74ed2}</UniqueIdentifier>
    </Filter>
    <Filter Include="Source Files\Game">
      <UniqueIdentifier>{aaeb0528-5d79-4ea1-a24e-6786fd451e3c}</UniqueIdentifier>
    </Filter>
    <Filter Include="Source Files\Game\Server">
      <UniqueIdentifier>{76be3999-469b-453f-bd44-8e758319dd92}</UniqueIdentifier>
    </Filter>
    <Filter Include="Source Files\Core\Net\Base">
      <UniqueIdentifier>{d3acc21d-f2a2-4339-ac47-967d492dbc44}</UniqueIdentifier>
    </Filter>
    <Filter Include="Source Files\Core\Net\Server">
      <UniqueIdentifier>{9c016e5e-85e4-42d5-a66b-0d023878f551}</UniqueIdentifier>
    </Filter>
  </ItemGroup>
  <ItemGroup>
    <ClCompile Include="imgui_impl_glfw.cpp">
      <Filter>Source Files\Core\Ext</Filter>
    </ClCompile>
    <ClCompile Include="imgui_impl_opengl3.cpp">
      <Filter>Source Files\Core\Ext</Filter>
    </ClCompile>
    <ClCompile Include="EasyAnimation.cpp">
      <Filter>Source Files\Core\Model</Filter>
    </ClCompile>
    <ClCompile Include="EasyAnimator.cpp">
      <Filter>Source Files\Core\Model</Filter>
    </ClCompile>
    <ClCompile Include="EasyModel.cpp">
      <Filter>Source Files\Core\Model</Filter>
    </ClCompile>
    <ClCompile Include="EasyCamera.cpp">
      <Filter>Source Files\Core\Render</Filter>
    </ClCompile>
    <ClCompile Include="EasyDisplay.cpp">
      <Filter>Source Files\Core\Render</Filter>
    </ClCompile>
    <ClCompile Include="EasyShader.cpp">
      <Filter>Source Files\Core\Render</Filter>
    </ClCompile>
    <ClCompile Include="EasyTexture.cpp">
      <Filter>Source Files\Core\Model</Filter>
    </ClCompile>
    <ClCompile Include="World.cpp">
      <Filter>Source Files\Game</Filter>
    </ClCompile>
    <ClCompile Include="EasyPlayground.cpp">
      <Filter>Source Files\Game</Filter>
    </ClCompile>
    <ClCompile Include="Main.cpp">
      <Filter>Source Files</Filter>
    </ClCompile>
    <ClCompile Include="ClientTest.cpp">
      <Filter>Source Files\Game</Filter>
    </ClCompile>
    <ClCompile Include="WinUtils.cpp">
      <Filter>Source Files\Game</Filter>
    </ClCompile>
    <ClCompile Include="Serializer.cpp">
      <Filter>Source Files\Game</Filter>
    </ClCompile>
    <ClCompile Include="EasyIpAddress.cpp">
      <Filter>Source Files\Core\Net\Base</Filter>
    </ClCompile>
    <ClCompile Include="EasyPacket.cpp">
      <Filter>Source Files\Core\Net\Base</Filter>
    </ClCompile>
    <ClCompile Include="EasySocket.cpp">
      <Filter>Source Files\Core\Net\Base</Filter>
    </ClCompile>
    <ClCompile Include="EasyBuffer.cpp">
      <Filter>Source Files\Core\Net\Base</Filter>
    </ClCompile>
    <ClCompile Include="EasyDB.cpp">
      <Filter>Source Files\Core\Net\Server</Filter>
    </ClCompile>
    <ClCompile Include="EasyServer_Update.cpp">
      <Filter>Source Files\Core\Net\Server</Filter>
    </ClCompile>
    <ClCompile Include="EasyServer.cpp">
      <Filter>Source Files\Core\Net\Server</Filter>
    </ClCompile>
    <ClCompile Include="EasyServer_Receive.cpp">
      <Filter>Source Files\Core\Net\Server</Filter>
    </ClCompile>
    <ClCompile Include="EasyServer_Send.cpp">
      <Filter>Source Files\Core\Net\Server</Filter>
    </ClCompile>
    <ClCompile Include="Server.cpp">
      <Filter>Source Files\Game\Server</Filter>
    </ClCompile>
  </ItemGroup>
  <ItemGroup>
    <ClInclude Include="EasyUtility.hpp">
      <Filter>Source Files\Core</Filter>
    </ClInclude>
    <ClInclude Include="GL_Ext.hpp">
      <Filter>Source Files\Core</Filter>
    </ClInclude>
    <ClInclude Include="imgui_impl_opengl3_loader.h">
      <Filter>Source Files\Core\Ext</Filter>
    </ClInclude>
    <ClInclude Include="imgui_impl_glfw.h">
      <Filter>Source Files\Core\Ext</Filter>
    </ClInclude>
    <ClInclude Include="imgui_impl_opengl3.h">
      <Filter>Source Files\Core\Ext</Filter>
    </ClInclude>
    <ClInclude Include="EasyAnimation.hpp">
      <Filter>Source Files\Core\Model</Filter>
    </ClInclude>
    <ClInclude Include="EasyAnimator.hpp">
      <Filter>Source Files\Core\Model</Filter>
    </ClInclude>
    <ClInclude Include="EasyModel.hpp">
      <Filter>Source Files\Core\Model</Filter>
    </ClInclude>
    <ClInclude Include="EasyCamera.hpp">
      <Filter>Source Files\Core\Render</Filter>
    </ClInclude>
    <ClInclude Include="EasyDisplay.hpp">
      <Filter>Source Files\Core\Render</Filter>
    </ClInclude>
    <ClInclude Include="EasyShader.hpp">
      <Filter>Source Files\Core\Render</Filter>
    </ClInclude>
    <ClInclude Include="EasyTexture.hpp">
      <Filter>Source Files\Core\Model</Filter>
    </ClInclude>
    <ClInclude Include="World.hpp">
      <Filter>Source Files\Game</Filter>
    </ClInclude>
    <ClInclude Include="Net.hpp">
      <Filter>Source Files\Game</Filter>
    </ClInclude>
    <ClInclude Include="Serializer.hpp">
      <Filter>Source Files\Game</Filter>
    </ClInclude>
    <ClInclude Include="EasyPlayground.hpp">
      <Filter>Source Files\Game</Filter>
    </ClInclude>
    <ClInclude Include="ClientTest.hpp">
      <Filter>Source Files\Game</Filter>
    </ClInclude>
    <ClInclude Include="EasyManager.hpp">
      <Filter>Source Files\Game</Filter>
    </ClInclude>
    <ClInclude Include="WinUtils.hpp">
      <Filter>Source Files\Game</Filter>
    </ClInclude>
    <ClInclude Include="EasyIpAddress.hpp">
      <Filter>Source Files\Core\Net\Base</Filter>
    </ClInclude>
    <ClInclude Include="EasyNet.hpp">
      <Filter>Source Files\Core\Net\Base</Filter>
    </ClInclude>
    <ClInclude Include="EasyPacket.hpp">
      <Filter>Source Files\Core\Net\Base</Filter>
    </ClInclude>
    <ClInclude Include="EasySerializer.hpp">
      <Filter>Source Files\Core\Net\Base</Filter>
    </ClInclude>
    <ClInclude Include="EasySocket.hpp">
      <Filter>Source Files\Core\Net\Base</Filter>
    </ClInclude>
    <ClInclude Include="EasyBuffer.hpp">
      <Filter>Source Files\Core\Net\Base</Filter>
    </ClInclude>
    <ClInclude Include="EasyDB.hpp">
      <Filter>Source Files\Core\Net\Server</Filter>
    </ClInclude>
    <ClInclude Include="EasyServer.hpp">
      <Filter>Source Files\Core\Net\Server</Filter>
    </ClInclude>
    <ClInclude Include="Server.hpp">
      <Filter>Source Files\Game\Server</Filter>
    </ClInclude>
    <ClInclude Include="EasyScheduler.hpp">
      <Filter>Source Files\Core\Net\Base</Filter>
    </ClInclude>
    <ClInclude Include="Sched.hpp" />
  </ItemGroup>
</Project>