<?xml version="1.0" encoding="utf-8"?>
<Project ToolsVersion="4.0" xmlns="http://schemas.microsoft.com/developer/msbuild/2003">
  <ItemGroup>
    <Filter Include="Source Files">
      <UniqueIdentifier>{4FC737F1-C7A5-4376-A066-2A32D752A2FF}</UniqueIdentifier>
      <Extensions>cpp;c;cc;cxx;c++;cppm;ixx;def;odl;idl;hpj;bat;asm;asmx</Extensions>
    </Filter>
    <Filter Include="Resource Files">
      <UniqueIdentifier>{67DA6AB6-F800-4c08-8B7A-83BB121AAD01}</UniqueIdentifier>
      <Extensions>rc;ico;cur;bmp;dlg;rc2;rct;bin;rgs;gif;jpg;jpeg;jpe;resx;tiff;tif;png;wav;mfcribbon-ms</Extensions>
    </Filter>
    <Filter Include="Source Files\Core">
      <UniqueIdentifier>{7384b4e4-b63e-442a-97c0-e2834f5816bb}</UniqueIdentifier>
    </Filter>
    <Filter Include="Source Files\Net">
      <UniqueIdentifier>{3801cbfb-d9a5-49ef-b7bc-bbe5b3f74ed2}</UniqueIdentifier>
    </Filter>
    <Filter Include="Source Files\Core\Model">
      <UniqueIdentifier>{0e241eeb-c913-45af-b631-af999044ff68}</UniqueIdentifier>
    </Filter>
    <Filter Include="Source Files\Core\Render">
      <UniqueIdentifier>{bdd7a664-b9e9-4df2-9431-4b8d44866746}</UniqueIdentifier>
    </Filter>
    <Filter Include="Source Files\Core\Ext">
      <UniqueIdentifier>{4b33e866-9718-4f9a-8466-2f452515054e}</UniqueIdentifier>
    </Filter>
  </ItemGroup>
  <ItemGroup>
    <ClCompile Include="Main.cpp">
      <Filter>Source Files</Filter>
    </ClCompile>
    <ClCompile Include="EasyPlayground.cpp">
      <Filter>Source Files</Filter>
    </ClCompile>
    <ClCompile Include="imgui_impl_glfw.cpp">
      <Filter>Source Files\Core\Ext</Filter>
    </ClCompile>
    <ClCompile Include="imgui_impl_opengl3.cpp">
      <Filter>Source Files\Core\Ext</Filter>
    </ClCompile>
    <ClCompile Include="EasyBuffer.cpp">
      <Filter>Source Files\Net</Filter>
    </ClCompile>
    <ClCompile Include="EasyIpAddress.cpp">
      <Filter>Source Files\Net</Filter>
    </ClCompile>
    <ClCompile Include="EasySocket.cpp">
      <Filter>Source Files\Net</Filter>
    </ClCompile>
    <ClCompile Include="EasyAnimation.cpp">
      <Filter>Source Files\Core\Model</Filter>
    </ClCompile>
    <ClCompile Include="EasyAnimator.cpp">
      <Filter>Source Files\Core\Model</Filter>
    </ClCompile>
    <ClCompile Include="EasyModel.cpp">
      <Filter>Source Files\Core\Model</Filter>
    </ClCompile>
    <ClCompile Include="EasyCamera.cpp">
      <Filter>Source Files\Core\Render</Filter>
    </ClCompile>
    <ClCompile Include="EasyDisplay.cpp">
      <Filter>Source Files\Core\Render</Filter>
    </ClCompile>
    <ClCompile Include="EasyShader.cpp">
      <Filter>Source Files\Core\Render</Filter>
    </ClCompile>
    <ClCompile Include="EasyTexture.cpp">
      <Filter>Source Files\Core\Model</Filter>
    </ClCompile>
    <ClCompile Include="EasyDB.cpp">
      <Filter>Source Files\Net</Filter>
    </ClCompile>
    <ClCompile Include="EasyPacket.cpp">
      <Filter>Source Files\Net</Filter>
    </ClCompile>
    <ClCompile Include="EasyCompression.cpp">
      <Filter>Source Files\Net</Filter>
    </ClCompile>
  </ItemGroup>
  <ItemGroup>
    <ClInclude Include="EasyPlayground.hpp">
      <Filter>Source Files</Filter>
    </ClInclude>
    <ClInclude Include="EasyUtility.hpp">
      <Filter>Source Files\Core</Filter>
    </ClInclude>
    <ClInclude Include="GL_Ext.hpp">
      <Filter>Source Files\Core</Filter>
    </ClInclude>
    <ClInclude Include="imgui_impl_opengl3_loader.h">
      <Filter>Source Files\Core\Ext</Filter>
    </ClInclude>
    <ClInclude Include="imgui_impl_glfw.h">
      <Filter>Source Files\Core\Ext</Filter>
    </ClInclude>
    <ClInclude Include="imgui_impl_opengl3.h">
      <Filter>Source Files\Core\Ext</Filter>
    </ClInclude>
    <ClInclude Include="EasyBuffer.hpp">
      <Filter>Source Files\Net</Filter>
    </ClInclude>
    <ClInclude Include="EasyIpAddress.hpp">
      <Filter>Source Files\Net</Filter>
    </ClInclude>
    <ClInclude Include="EasySocket.hpp">
      <Filter>Source Files\Net</Filter>
    </ClInclude>
    <ClInclude Include="EasyAnimation.hpp">
      <Filter>Source Files\Core\Model</Filter>
    </ClInclude>
    <ClInclude Include="EasyAnimator.hpp">
      <Filter>Source Files\Core\Model</Filter>
    </ClInclude>
    <ClInclude Include="EasyModel.hpp">
      <Filter>Source Files\Core\Model</Filter>
    </ClInclude>
    <ClInclude Include="EasyCamera.hpp">
      <Filter>Source Files\Core\Render</Filter>
    </ClInclude>
    <ClInclude Include="EasyDisplay.hpp">
      <Filter>Source Files\Core\Render</Filter>
    </ClInclude>
    <ClInclude Include="EasyShader.hpp">
      <Filter>Source Files\Core\Render</Filter>
    </ClInclude>
    <ClInclude Include="EasyTexture.hpp">
      <Filter>Source Files\Core\Model</Filter>
    </ClInclude>
    <ClInclude Include="EasyDB.hpp">
      <Filter>Source Files\Net</Filter>
    </ClInclude>
    <ClInclude Include="EasyPacket.hpp">
      <Filter>Source Files\Net</Filter>
    </ClInclude>
    <ClInclude Include="EasyPeer.hpp">
      <Filter>Source Files\Net</Filter>
    </ClInclude>
    <ClInclude Include="EasyNet.hpp">
      <Filter>Source Files\Net</Filter>
    </ClInclude>
    <ClInclude Include="EasyCompression.hpp">
      <Filter>Source Files\Net</Filter>
    </ClInclude>
  </ItemGroup>
</Project>