<?xml version="1.0" encoding="utf-8"?>
<Project ToolsVersion="4.0" xmlns="http://schemas.microsoft.com/developer/msbuild/2003">
  <ItemGroup>
    <Filter Include="Game">
      <UniqueIdentifier>{22a92313-6422-4e98-9dbc-7036df69324c}</UniqueIdentifier>
    </Filter>
    <Filter Include="Game\Util">
      <UniqueIdentifier>{ec208068-f55c-4a2a-ba78-c1e6edf4f215}</UniqueIdentifier>
    </Filter>
  </ItemGroup>
  <ItemGroup>
    <ClCompile Include="Main.cpp">
      <Filter>Game</Filter>
    </ClCompile>
    <ClCompile Include="EasyPlayground.cpp">
      <Filter>Game</Filter>
    </ClCompile>
    <ClCompile Include="ClientTest.cpp">
      <Filter>Game\Util</Filter>
    </ClCompile>
    <ClCompile Include="imgui_impl_opengl3.cpp">
      <Filter>Game\Util</Filter>
    </ClCompile>
    <ClCompile Include="imgui_impl_glfw.cpp">
      <Filter>Game\Util</Filter>
    </ClCompile>
  </ItemGroup>
  <ItemGroup>
    <ClInclude Include="Config.hpp">
      <Filter>Game</Filter>
    </ClInclude>
    <ClInclude Include="EasyPlayground.hpp">
      <Filter>Game</Filter>
    </ClInclude>
    <ClInclude Include="ClientTest.hpp">
      <Filter>Game\Util</Filter>
    </ClInclude>
    <ClInclude Include="resource.h">
      <Filter>Game\Util</Filter>
    </ClInclude>
    <ClInclude Include="imgui_impl_opengl3.h">
      <Filter>Game\Util</Filter>
    </ClInclude>
    <ClInclude Include="imgui_impl_opengl3_loader.h">
      <Filter>Game\Util</Filter>
    </ClInclude>
    <ClInclude Include="imgui_impl_glfw.h">
      <Filter>Game\Util</Filter>
    </ClInclude>
    <ClInclude Include="ImGUI_Fun.hpp">
      <Filter>Game</Filter>
    </ClInclude>
  </ItemGroup>
  <ItemGroup>
    <None Include="publish.bat">
      <Filter>Game\Util</Filter>
    </None>
  </ItemGroup>
  <ItemGroup>
    <Image Include="..\res\images\Fire.ico">
      <Filter>Game\Util</Filter>
    </Image>
  </ItemGroup>
  <ItemGroup>
    <ResourceCompile Include="FireClient.rc">
      <Filter>Game\Util</Filter>
    </ResourceCompile>
  </ItemGroup>
</Project>